
Microsoft Visual Studio Solution File, Format Version 12.00
# Visual Studio Version 17
VisualStudioVersion = 17.3.32825.248
MinimumVisualStudioVersion = 10.0.40219.1
Project("{FAE04EC0-301F-11D3-BF4B-00C04F79EFBC}") = "Jackie", "Jackie\Jackie.csproj", "{B0DDF203-4AC7-487F-A585-65C0FA4D6A3A}"
EndProject
Global
	GlobalSection(SolutionConfigurationPlatforms) = preSolution
		Debug|Any CPU = Debug|Any CPU
		Release|Any CPU = Release|Any CPU
	EndGlobalSection
	GlobalSection(ProjectConfigurationPlatforms) = postSolution
		{B0DDF203-4AC7-487F-A585-65C0FA4D6A3A}.Debug|Any CPU.ActiveCfg = Debug|Any CPU
		{B0DDF203-4AC7-487F-A585-65C0FA4D6A3A}.Debug|Any CPU.Build.0 = Debug|Any CPU
		{B0DDF203-4AC7-487F-A585-65C0FA4D6A3A}.Release|Any CPU.ActiveCfg = Release|Any CPU
		{B0DDF203-4AC7-487F-A585-65C0FA4D6A3A}.Release|Any CPU.Build.0 = Release|Any CPU
	EndGlobalSection
	GlobalSection(SolutionProperties) = preSolution
		HideSolutionNode = FALSE
	EndGlobalSection
	GlobalSection(ExtensibilityGlobals) = postSolution
		SolutionGuid = {857EE4F1-F9AB-4D25-8FC1-B0B683A17A44}
	EndGlobalSection
EndGlobal
